
Microsoft Visual Studio Solution File, Format Version 12.00
# Visual Studio Version 17
VisualStudioVersion = 17.6.33723.286
MinimumVisualStudioVersion = 10.0.40219.1
Project("{FAE04EC0-301F-11D3-BF4B-00C04F79EFBC}") = "video_17.Android", "video_17\video_17.Android\video_17.Android.csproj", "{313ED933-DD2C-4747-9DB2-C77ECDD66CBF}"
EndProject
Project("{FAE04EC0-301F-11D3-BF4B-00C04F79EFBC}") = "video_17.iOS", "video_17\video_17.iOS\video_17.iOS.csproj", "{41850920-66D6-4058-A279-1AACF65E0F00}"
EndProject
Project("{FAE04EC0-301F-11D3-BF4B-00C04F79EFBC}") = "video_17", "video_17\video_17\video_17.csproj", "{2AC64984-385E-4920-AA34-072EB4C2BA3B}"
EndProject
Global
	GlobalSection(SolutionConfigurationPlatforms) = preSolution
		Debug|Any CPU = Debug|Any CPU
		Debug|iPhone = Debug|iPhone
		Debug|iPhoneSimulator = Debug|iPhoneSimulator
		Release|Any CPU = Release|Any CPU
		Release|iPhone = Release|iPhone
		Release|iPhoneSimulator = Release|iPhoneSimulator
	EndGlobalSection
	GlobalSection(ProjectConfigurationPlatforms) = postSolution
		{313ED933-DD2C-4747-9DB2-C77ECDD66CBF}.Debug|Any CPU.ActiveCfg = Debug|Any CPU
		{313ED933-DD2C-4747-9DB2-C77ECDD66CBF}.Debug|Any CPU.Build.0 = Debug|Any CPU
		{313ED933-DD2C-4747-9DB2-C77ECDD66CBF}.Debug|Any CPU.Deploy.0 = Debug|Any CPU
		{313ED933-DD2C-4747-9DB2-C77ECDD66CBF}.Debug|iPhone.ActiveCfg = Debug|Any CPU
		{313ED933-DD2C-4747-9DB2-C77ECDD66CBF}.Debug|iPhone.Build.0 = Debug|Any CPU
		{313ED933-DD2C-4747-9DB2-C77ECDD66CBF}.Debug|iPhone.Deploy.0 = Debug|Any CPU
		{313ED933-DD2C-4747-9DB2-C77ECDD66CBF}.Debug|iPhoneSimulator.ActiveCfg = Debug|Any CPU
		{313ED933-DD2C-4747-9DB2-C77ECDD66CBF}.Debug|iPhoneSimulator.Build.0 = Debug|Any CPU
		{313ED933-DD2C-4747-9DB2-C77ECDD66CBF}.Debug|iPhoneSimulator.Deploy.0 = Debug|Any CPU
		{313ED933-DD2C-4747-9DB2-C77ECDD66CBF}.Release|Any CPU.ActiveCfg = Release|Any CPU
		{313ED933-DD2C-4747-9DB2-C77ECDD66CBF}.Release|Any CPU.Build.0 = Release|Any CPU
		{313ED933-DD2C-4747-9DB2-C77ECDD66CBF}.Release|Any CPU.Deploy.0 = Release|Any CPU
		{313ED933-DD2C-4747-9DB2-C77ECDD66CBF}.Release|iPhone.ActiveCfg = Release|Any CPU
		{313ED933-DD2C-4747-9DB2-C77ECDD66CBF}.Release|iPhone.Build.0 = Release|Any CPU
		{313ED933-DD2C-4747-9DB2-C77ECDD66CBF}.Release|iPhone.Deploy.0 = Release|Any CPU
		{313ED933-DD2C-4747-9DB2-C77ECDD66CBF}.Release|iPhoneSimulator.ActiveCfg = Release|Any CPU
		{313ED933-DD2C-4747-9DB2-C77ECDD66CBF}.Release|iPhoneSimulator.Build.0 = Release|Any CPU
		{313ED933-DD2C-4747-9DB2-C77ECDD66CBF}.Release|iPhoneSimulator.Deploy.0 = Release|Any CPU
		{41850920-66D6-4058-A279-1AACF65E0F00}.Debug|Any CPU.ActiveCfg = Debug|iPhone
		{41850920-66D6-4058-A279-1AACF65E0F00}.Debug|Any CPU.Build.0 = Debug|iPhone
		{41850920-66D6-4058-A279-1AACF65E0F00}.Debug|Any CPU.Deploy.0 = Debug|iPhone
		{41850920-66D6-4058-A279-1AACF65E0F00}.Debug|iPhone.ActiveCfg = Debug|iPhone
		{41850920-66D6-4058-A279-1AACF65E0F00}.Debug|iPhone.Build.0 = Debug|iPhone
		{41850920-66D6-4058-A279-1AACF65E0F00}.Debug|iPhone.Deploy.0 = Debug|iPhone
		{41850920-66D6-4058-A279-1AACF65E0F00}.Debug|iPhoneSimulator.ActiveCfg = Debug|iPhoneSimulator
		{41850920-66D6-4058-A279-1AACF65E0F00}.Debug|iPhoneSimulator.Build.0 = Debug|iPhoneSimulator
		{41850920-66D6-4058-A279-1AACF65E0F00}.Debug|iPhoneSimulator.Deploy.0 = Debug|iPhoneSimulator
		{41850920-66D6-4058-A279-1AACF65E0F00}.Release|Any CPU.ActiveCfg = Release|iPhoneSimulator
		{41850920-66D6-4058-A279-1AACF65E0F00}.Release|Any CPU.Build.0 = Release|iPhoneSimulator
		{41850920-66D6-4058-A279-1AACF65E0F00}.Release|Any CPU.Deploy.0 = Release|iPhoneSimulator
		{41850920-66D6-4058-A279-1AACF65E0F00}.Release|iPhone.ActiveCfg = Release|iPhone
		{41850920-66D6-4058-A279-1AACF65E0F00}.Release|iPhone.Build.0 = Release|iPhone
		{41850920-66D6-4058-A279-1AACF65E0F00}.Release|iPhone.Deploy.0 = Release|iPhone
		{41850920-66D6-4058-A279-1AACF65E0F00}.Release|iPhoneSimulator.ActiveCfg = Release|iPhoneSimulator
		{41850920-66D6-4058-A279-1AACF65E0F00}.Release|iPhoneSimulator.Build.0 = Release|iPhoneSimulator
		{41850920-66D6-4058-A279-1AACF65E0F00}.Release|iPhoneSimulator.Deploy.0 = Release|iPhoneSimulator
		{2AC64984-385E-4920-AA34-072EB4C2BA3B}.Debug|Any CPU.ActiveCfg = Debug|Any CPU
		{2AC64984-385E-4920-AA34-072EB4C2BA3B}.Debug|Any CPU.Build.0 = Debug|Any CPU
		{2AC64984-385E-4920-AA34-072EB4C2BA3B}.Debug|Any CPU.Deploy.0 = Debug|Any CPU
		{2AC64984-385E-4920-AA34-072EB4C2BA3B}.Debug|iPhone.ActiveCfg = Debug|Any CPU
		{2AC64984-385E-4920-AA34-072EB4C2BA3B}.Debug|iPhone.Build.0 = Debug|Any CPU
		{2AC64984-385E-4920-AA34-072EB4C2BA3B}.Debug|iPhone.Deploy.0 = Debug|Any CPU
		{2AC64984-385E-4920-AA34-072EB4C2BA3B}.Debug|iPhoneSimulator.ActiveCfg = Debug|Any CPU
		{2AC64984-385E-4920-AA34-072EB4C2BA3B}.Debug|iPhoneSimulator.Build.0 = Debug|Any CPU
		{2AC64984-385E-4920-AA34-072EB4C2BA3B}.Debug|iPhoneSimulator.Deploy.0 = Debug|Any CPU
		{2AC64984-385E-4920-AA34-072EB4C2BA3B}.Release|Any CPU.ActiveCfg = Release|Any CPU
		{2AC64984-385E-4920-AA34-072EB4C2BA3B}.Release|Any CPU.Build.0 = Release|Any CPU
		{2AC64984-385E-4920-AA34-072EB4C2BA3B}.Release|Any CPU.Deploy.0 = Release|Any CPU
		{2AC64984-385E-4920-AA34-072EB4C2BA3B}.Release|iPhone.ActiveCfg = Release|Any CPU
		{2AC64984-385E-4920-AA34-072EB4C2BA3B}.Release|iPhone.Build.0 = Release|Any CPU
		{2AC64984-385E-4920-AA34-072EB4C2BA3B}.Release|iPhone.Deploy.0 = Release|Any CPU
		{2AC64984-385E-4920-AA34-072EB4C2BA3B}.Release|iPhoneSimulator.ActiveCfg = Release|Any CPU
		{2AC64984-385E-4920-AA34-072EB4C2BA3B}.Release|iPhoneSimulator.Build.0 = Release|Any CPU
		{2AC64984-385E-4920-AA34-072EB4C2BA3B}.Release|iPhoneSimulator.Deploy.0 = Release|Any CPU
	EndGlobalSection
	GlobalSection(SolutionProperties) = preSolution
		HideSolutionNode = FALSE
	EndGlobalSection
	GlobalSection(ExtensibilityGlobals) = postSolution
		SolutionGuid = {9F92CED8-0183-4BCD-9F60-5903F1F74720}
	EndGlobalSection
EndGlobal
